<?xml version="1.0" encoding="utf-8"?>
<Project ToolsVersion="4.0" xmlns="http://schemas.microsoft.com/developer/msbuild/2003">
  <ItemGroup>
    <Filter Include="Source Files">
      <UniqueIdentifier>{4FC737F1-C7A5-4376-A066-2A32D752A2FF}</UniqueIdentifier>
      <Extensions>cpp;c;cc;cxx;c++;cppm;ixx;def;odl;idl;hpj;bat;asm;asmx</Extensions>
    </Filter>
    <Filter Include="Header Files">
      <UniqueIdentifier>{93995380-89BD-4b04-88EB-625FBE52EBFB}</UniqueIdentifier>
      <Extensions>h;hh;hpp;hxx;h++;hm;inl;inc;ipp;xsd</Extensions>
    </Filter>
    <Filter Include="Resource Files">
      <UniqueIdentifier>{67DA6AB6-F800-4c08-8B7A-83BB121AAD01}</UniqueIdentifier>
      <Extensions>rc;ico;cur;bmp;dlg;rc2;rct;bin;rgs;gif;jpg;jpeg;jpe;resx;tiff;tif;png;wav;mfcribbon-ms</Extensions>
    </Filter>
    <Filter Include="Header Files\interface">
      <UniqueIdentifier>{233c297f-7533-471d-b319-34e42c1d41a3}</UniqueIdentifier>
    </Filter>
    <Filter Include="Header Files\pooling">
      <UniqueIdentifier>{f1b91528-a364-44b5-a0bf-e67cb97bd066}</UniqueIdentifier>
    </Filter>
    <Filter Include="Header Files\pooling\standard_pooling">
      <UniqueIdentifier>{45f452ce-e18a-4d32-a7f0-d8ce369ac19f}</UniqueIdentifier>
    </Filter>
    <Filter Include="Header Files\defines">
      <UniqueIdentifier>{fa66c2e1-61ce-4d78-afd7-c6ec0c0aaa39}</UniqueIdentifier>
    </Filter>
    <Filter Include="Header Files\defines\opaque">
      <UniqueIdentifier>{e0605f32-0ca7-4365-ab40-c1deb140299e}</UniqueIdentifier>
    </Filter>
    <Filter Include="Header Files\defines\export">
      <UniqueIdentifier>{538bb5a9-43e3-46d9-bc43-11522b61c346}</UniqueIdentifier>
    </Filter>
    <Filter Include="Header Files\__internal">
      <UniqueIdentifier>{819d063e-3362-4d49-88e8-2f0d59e12f4a}</UniqueIdentifier>
    </Filter>
  </ItemGroup>
  <ItemGroup>
    <ClCompile Include="..\..\..\..\source\c\memory.c">
      <Filter>Source Files</Filter>
    </ClCompile>
    <ClCompile Include="..\..\..\..\source\c\standard_heap.c">
      <Filter>Source Files</Filter>
    </ClCompile>
    <ClCompile Include="..\..\..\..\source\c\static_pooling.c">
      <Filter>Source Files</Filter>
    </ClCompile>
    <ClCompile Include="..\..\..\..\source\c\dynamic_pooling.c">
      <Filter>Source Files</Filter>
    </ClCompile>
  </ItemGroup>
  <ItemGroup>
    <ClInclude Include="..\..\..\..\..\..\synapse\include\synapse\memory\standard_heap.h">
      <Filter>Header Files</Filter>
    </ClInclude>
    <ClInclude Include="..\..\..\..\..\..\synapse\include\synapse\memory\memory.h">
      <Filter>Header Files</Filter>
    </ClInclude>
    <ClInclude Include="..\..\..\..\..\..\synapse\include\synapse\memory\interface\memory_manager.h">
      <Filter>Header Files\interface</Filter>
    </ClInclude>
    <ClInclude Include="..\..\..\..\..\..\synapse\include\synapse\memory\pooling\static_pooling\static_pooling.h">
      <Filter>Header Files\pooling\standard_pooling</Filter>
    </ClInclude>
    <ClInclude Include="..\..\..\..\..\..\synapse\include\synapse\memory\interface\memory_pooling.h">
      <Filter>Header Files\interface</Filter>
    </ClInclude>
    <ClInclude Include="..\..\..\..\..\..\synapse\include\synapse\memory\pooling\dynamic_pooling\dynamic_pooling.h">
      <Filter>Header Files\pooling\standard_pooling</Filter>
    </ClInclude>
    <ClInclude Include="..\..\..\..\..\..\synapse\include\synapse\memory\defines\opaque\opaque.h">
      <Filter>Header Files\defines\opaque</Filter>
    </ClInclude>
    <ClInclude Include="..\..\..\..\..\..\synapse\include\synapse\memory\defines\export\export.h">
      <Filter>Header Files\defines\export</Filter>
    </ClInclude>
    <ClInclude Include="..\..\..\..\..\..\synapse\include\synapse\__internal\memory\init.h">
      <Filter>Header Files\__internal</Filter>
    </ClInclude>
  </ItemGroup>
</Project>