
Microsoft Visual Studio Solution File, Format Version 12.00
# Visual Studio Version 17
VisualStudioVersion = 17.2.32516.85
MinimumVisualStudioVersion = 10.0.40219.1
Project("{8BC9CEB8-8B4A-11D0-8D11-00A0C91BC942}") = "synapse-memory", "synapse-memory\synapse-memory.vcxproj", "{614F86C3-C969-4B73-9400-4B791683F1CB}"
EndProject
Project("{8BC9CEB8-8B4A-11D0-8D11-00A0C91BC942}") = "synapse-memory-pool-traits", "synapse-memory-pool-traits\synapse-memory-pool-traits.vcxproj", "{05A2A3CD-1F02-4910-82A7-04A83D376B93}"
EndProject
Project("{8BC9CEB8-8B4A-11D0-8D11-00A0C91BC942}") = "synapse-memory-mman-traits", "synapse-memory-mman-traits\synapse-memory-mman-traits.vcxproj", "{C79CA567-7D18-41CC-BE83-44E296EF8F39}"
EndProject
Project("{8BC9CEB8-8B4A-11D0-8D11-00A0C91BC942}") = "synapse-kernel-base-memory", "synapse-kernel-base-memory\synapse-kernel-base-memory.vcxproj", "{59F5725D-A469-4951-A388-5551735D82EF}"
EndProject
Global
	GlobalSection(SolutionConfigurationPlatforms) = preSolution
		Debug|x64 = Debug|x64
		Debug|x86 = Debug|x86
		Release|x64 = Release|x64
		Release|x86 = Release|x86
	EndGlobalSection
	GlobalSection(ProjectConfigurationPlatforms) = postSolution
		{614F86C3-C969-4B73-9400-4B791683F1CB}.Debug|x64.ActiveCfg = Debug|x64
		{614F86C3-C969-4B73-9400-4B791683F1CB}.Debug|x64.Build.0 = Debug|x64
		{614F86C3-C969-4B73-9400-4B791683F1CB}.Debug|x86.ActiveCfg = Debug|Win32
		{614F86C3-C969-4B73-9400-4B791683F1CB}.Debug|x86.Build.0 = Debug|Win32
		{614F86C3-C969-4B73-9400-4B791683F1CB}.Release|x64.ActiveCfg = Release|x64
		{614F86C3-C969-4B73-9400-4B791683F1CB}.Release|x64.Build.0 = Release|x64
		{614F86C3-C969-4B73-9400-4B791683F1CB}.Release|x86.ActiveCfg = Release|Win32
		{614F86C3-C969-4B73-9400-4B791683F1CB}.Release|x86.Build.0 = Release|Win32
		{05A2A3CD-1F02-4910-82A7-04A83D376B93}.Debug|x64.ActiveCfg = Debug|x64
		{05A2A3CD-1F02-4910-82A7-04A83D376B93}.Debug|x64.Build.0 = Debug|x64
		{05A2A3CD-1F02-4910-82A7-04A83D376B93}.Debug|x86.ActiveCfg = Debug|Win32
		{05A2A3CD-1F02-4910-82A7-04A83D376B93}.Debug|x86.Build.0 = Debug|Win32
		{05A2A3CD-1F02-4910-82A7-04A83D376B93}.Release|x64.ActiveCfg = Release|x64
		{05A2A3CD-1F02-4910-82A7-04A83D376B93}.Release|x64.Build.0 = Release|x64
		{05A2A3CD-1F02-4910-82A7-04A83D376B93}.Release|x86.ActiveCfg = Release|Win32
		{05A2A3CD-1F02-4910-82A7-04A83D376B93}.Release|x86.Build.0 = Release|Win32
		{C79CA567-7D18-41CC-BE83-44E296EF8F39}.Debug|x64.ActiveCfg = Debug|x64
		{C79CA567-7D18-41CC-BE83-44E296EF8F39}.Debug|x64.Build.0 = Debug|x64
		{C79CA567-7D18-41CC-BE83-44E296EF8F39}.Debug|x86.ActiveCfg = Debug|Win32
		{C79CA567-7D18-41CC-BE83-44E296EF8F39}.Debug|x86.Build.0 = Debug|Win32
		{C79CA567-7D18-41CC-BE83-44E296EF8F39}.Release|x64.ActiveCfg = Release|x64
		{C79CA567-7D18-41CC-BE83-44E296EF8F39}.Release|x64.Build.0 = Release|x64
		{C79CA567-7D18-41CC-BE83-44E296EF8F39}.Release|x86.ActiveCfg = Release|Win32
		{C79CA567-7D18-41CC-BE83-44E296EF8F39}.Release|x86.Build.0 = Release|Win32
		{59F5725D-A469-4951-A388-5551735D82EF}.Debug|x64.ActiveCfg = Debug|x64
		{59F5725D-A469-4951-A388-5551735D82EF}.Debug|x64.Build.0 = Debug|x64
		{59F5725D-A469-4951-A388-5551735D82EF}.Debug|x86.ActiveCfg = Debug|Win32
		{59F5725D-A469-4951-A388-5551735D82EF}.Debug|x86.Build.0 = Debug|Win32
		{59F5725D-A469-4951-A388-5551735D82EF}.Release|x64.ActiveCfg = Release|x64
		{59F5725D-A469-4951-A388-5551735D82EF}.Release|x64.Build.0 = Release|x64
		{59F5725D-A469-4951-A388-5551735D82EF}.Release|x86.ActiveCfg = Release|Win32
		{59F5725D-A469-4951-A388-5551735D82EF}.Release|x86.Build.0 = Release|Win32
	EndGlobalSection
	GlobalSection(SolutionProperties) = preSolution
		HideSolutionNode = FALSE
	EndGlobalSection
	GlobalSection(ExtensibilityGlobals) = postSolution
		SolutionGuid = {22C66965-1DD9-4158-B066-F04BF46A2C08}
	EndGlobalSection
EndGlobal
